
Microsoft Visual Studio Solution File, Format Version 12.00
# Visual Studio 15
VisualStudioVersion = 15.0.28307.421
MinimumVisualStudioVersion = 10.0.40219.1
Project("{FAE04EC0-301F-11D3-BF4B-00C04F79EFBC}") = "Presentation.Multitenant.Web", "Presentation.Multitenant.Web\Presentation.Multitenant.Web.csproj", "{0E73B271-972E-4F8A-8E45-66A4B4165F42}"
EndProject
Global
	GlobalSection(SolutionConfigurationPlatforms) = preSolution
		Debug|Any CPU = Debug|Any CPU
		Release|Any CPU = Release|Any CPU
	EndGlobalSection
	GlobalSection(ProjectConfigurationPlatforms) = postSolution
		{0E73B271-972E-4F8A-8E45-66A4B4165F42}.Debug|Any CPU.ActiveCfg = Debug|Any CPU
		{0E73B271-972E-4F8A-8E45-66A4B4165F42}.Debug|Any CPU.Build.0 = Debug|Any CPU
		{0E73B271-972E-4F8A-8E45-66A4B4165F42}.Release|Any CPU.ActiveCfg = Release|Any CPU
		{0E73B271-972E-4F8A-8E45-66A4B4165F42}.Release|Any CPU.Build.0 = Release|Any CPU
	EndGlobalSection
	GlobalSection(SolutionProperties) = preSolution
		HideSolutionNode = FALSE
	EndGlobalSection
	GlobalSection(ExtensibilityGlobals) = postSolution
		SolutionGuid = {6251FA4B-7A10-404B-80F3-AD62E7691A7D}
	EndGlobalSection
EndGlobal
